
Microsoft Visual Studio Solution File, Format Version 12.00
# Visual Studio Version 17
VisualStudioVersion = 17.7.34031.279
MinimumVisualStudioVersion = 10.0.40219.1
Project("{FAE04EC0-301F-11D3-BF4B-00C04F79EFBC}") = "Booking.Core", "Booking.Core\Booking.Core.csproj", "{1BF94A23-9E52-4532-AF63-F4D99F350373}"
EndProject
Project("{FAE04EC0-301F-11D3-BF4B-00C04F79EFBC}") = "Booking.Entities", "..\Booking.Entities\Booking.Entities.csproj", "{DEE1D5D3-88B3-47AD-882A-5E1D1F088031}"
EndProject
Project("{FAE04EC0-301F-11D3-BF4B-00C04F79EFBC}") = "Booking.Business", "Booking.Business\Booking.Business.csproj", "{26B6B790-E212-4D17-A368-A13B0D2D58EA}"
EndProject
Project("{FAE04EC0-301F-11D3-BF4B-00C04F79EFBC}") = "Booking.DataAccess", "Booking.DataAccess\Booking.DataAccess.csproj", "{A50EAF3F-40AB-46AF-A872-81B1C8AE28D2}"
EndProject
Project("{FAE04EC0-301F-11D3-BF4B-00C04F79EFBC}") = "Booking.MobileApi", "Booking.MobileApi\Booking.MobileApi.csproj", "{AC3BB161-0D80-4822-BA8E-B63C24632035}"
EndProject
Global
	GlobalSection(SolutionConfigurationPlatforms) = preSolution
		Debug|Any CPU = Debug|Any CPU
		Release|Any CPU = Release|Any CPU
	EndGlobalSection
	GlobalSection(ProjectConfigurationPlatforms) = postSolution
		{1BF94A23-9E52-4532-AF63-F4D99F350373}.Debug|Any CPU.ActiveCfg = Debug|Any CPU
		{1BF94A23-9E52-4532-AF63-F4D99F350373}.Debug|Any CPU.Build.0 = Debug|Any CPU
		{1BF94A23-9E52-4532-AF63-F4D99F350373}.Release|Any CPU.ActiveCfg = Release|Any CPU
		{1BF94A23-9E52-4532-AF63-F4D99F350373}.Release|Any CPU.Build.0 = Release|Any CPU
		{DEE1D5D3-88B3-47AD-882A-5E1D1F088031}.Debug|Any CPU.ActiveCfg = Debug|Any CPU
		{DEE1D5D3-88B3-47AD-882A-5E1D1F088031}.Debug|Any CPU.Build.0 = Debug|Any CPU
		{DEE1D5D3-88B3-47AD-882A-5E1D1F088031}.Release|Any CPU.ActiveCfg = Release|Any CPU
		{DEE1D5D3-88B3-47AD-882A-5E1D1F088031}.Release|Any CPU.Build.0 = Release|Any CPU
		{26B6B790-E212-4D17-A368-A13B0D2D58EA}.Debug|Any CPU.ActiveCfg = Debug|Any CPU
		{26B6B790-E212-4D17-A368-A13B0D2D58EA}.Debug|Any CPU.Build.0 = Debug|Any CPU
		{26B6B790-E212-4D17-A368-A13B0D2D58EA}.Release|Any CPU.ActiveCfg = Release|Any CPU
		{26B6B790-E212-4D17-A368-A13B0D2D58EA}.Release|Any CPU.Build.0 = Release|Any CPU
		{A50EAF3F-40AB-46AF-A872-81B1C8AE28D2}.Debug|Any CPU.ActiveCfg = Debug|Any CPU
		{A50EAF3F-40AB-46AF-A872-81B1C8AE28D2}.Debug|Any CPU.Build.0 = Debug|Any CPU
		{A50EAF3F-40AB-46AF-A872-81B1C8AE28D2}.Release|Any CPU.ActiveCfg = Release|Any CPU
		{A50EAF3F-40AB-46AF-A872-81B1C8AE28D2}.Release|Any CPU.Build.0 = Release|Any CPU
		{AC3BB161-0D80-4822-BA8E-B63C24632035}.Debug|Any CPU.ActiveCfg = Debug|Any CPU
		{AC3BB161-0D80-4822-BA8E-B63C24632035}.Debug|Any CPU.Build.0 = Debug|Any CPU
		{AC3BB161-0D80-4822-BA8E-B63C24632035}.Release|Any CPU.ActiveCfg = Release|Any CPU
		{AC3BB161-0D80-4822-BA8E-B63C24632035}.Release|Any CPU.Build.0 = Release|Any CPU
	EndGlobalSection
	GlobalSection(SolutionProperties) = preSolution
		HideSolutionNode = FALSE
	EndGlobalSection
	GlobalSection(ExtensibilityGlobals) = postSolution
		SolutionGuid = {8FF7D142-A8F4-422C-AF7C-A8BE975B8870}
	EndGlobalSection
EndGlobal
